Microsoft Visual Studio Solution File, Format Version 11.00
# Visual Studio 2008

Project("{D957775E-93A3-8A98-6094-731D85645B43}") = "Proyecto-Integrador", "Assembly-CSharp.csproj", "{70C5A31F-3896-AB78-A90C-A071D43D5544}"
EndProject
Project("{D957775E-93A3-8A98-6094-731D85645B43}") = "Proyecto-Integrador", "Assembly-CSharp-Editor.csproj", "{144137A6-A49D-4651-6DE5-3837A6BFC937}"
EndProject
Project("{D957775E-93A3-8A98-6094-731D85645B43}") = "Proyecto-Integrador", "Assembly-UnityScript-Editor-firstpass.unityproj", "{A5E00554-2E9A-E517-AC9F-E9549006F0ED}"
EndProject
Global
	GlobalSection(SolutionConfigurationPlatforms) = preSolution
		Debug|Any CPU = Debug|Any CPU
		Release|Any CPU = Release|Any CPU
	EndGlobalSection
	GlobalSection(ProjectConfigurationPlatforms) = postSolution
		{70C5A31F-3896-AB78-A90C-A071D43D5544}.Debug|Any CPU.ActiveCfg = Debug|Any CPU
		{70C5A31F-3896-AB78-A90C-A071D43D5544}.Debug|Any CPU.Build.0 = Debug|Any CPU
		{70C5A31F-3896-AB78-A90C-A071D43D5544}.Release|Any CPU.ActiveCfg = Release|Any CPU
		{70C5A31F-3896-AB78-A90C-A071D43D5544}.Release|Any CPU.Build.0 = Release|Any CPU
		{144137A6-A49D-4651-6DE5-3837A6BFC937}.Debug|Any CPU.ActiveCfg = Debug|Any CPU
		{144137A6-A49D-4651-6DE5-3837A6BFC937}.Debug|Any CPU.Build.0 = Debug|Any CPU
		{144137A6-A49D-4651-6DE5-3837A6BFC937}.Release|Any CPU.ActiveCfg = Release|Any CPU
		{144137A6-A49D-4651-6DE5-3837A6BFC937}.Release|Any CPU.Build.0 = Release|Any CPU
		{A5E00554-2E9A-E517-AC9F-E9549006F0ED}.Debug|Any CPU.ActiveCfg = Debug|Any CPU
		{A5E00554-2E9A-E517-AC9F-E9549006F0ED}.Debug|Any CPU.Build.0 = Debug|Any CPU
		{A5E00554-2E9A-E517-AC9F-E9549006F0ED}.Release|Any CPU.ActiveCfg = Release|Any CPU
		{A5E00554-2E9A-E517-AC9F-E9549006F0ED}.Release|Any CPU.Build.0 = Release|Any CPU
	EndGlobalSection
	GlobalSection(SolutionProperties) = preSolution
		HideSolutionNode = FALSE
	EndGlobalSection
																				GlobalSection(MonoDevelopProperties) = preSolution
		StartupItem = Assembly-CSharp.csproj
		Policies = $0
		$0.TextStylePolicy = $1
		$1.inheritsSet = null
		$1.scope = text/x-csharp
		$0.CSharpFormattingPolicy = $2
		$2.inheritsSet = Mono
		$2.inheritsScope = text/x-csharp
		$2.scope = text/x-csharp
		$0.TextStylePolicy = $3
		$3.FileWidth = 120
		$3.TabWidth = 4
		$3.IndentWidth = 4
		$3.EolMarker = Unix
		$3.inheritsSet = Mono
		$3.inheritsScope = text/plain
		$3.scope = text/plain
	EndGlobalSection

EndGlobal
